
Microsoft Visual Studio Solution File, Format Version 12.00
# Visual Studio 15
VisualStudioVersion = 15.0.28010.2019
MinimumVisualStudioVersion = 10.0.40219.1
Project("{8BC9CEB8-8B4A-11D0-8D11-00A0C91BC942}") = "virtualDestructorDemo", "virtualDestructorDemo\virtualDestructorDemo.vcxproj", "{016D262B-FB4F-4530-A7BA-C531E60AB9BF}"
EndProject
Global
	GlobalSection(SolutionConfigurationPlatforms) = preSolution
		Debug|x64 = Debug|x64
		Debug|x86 = Debug|x86
		Release|x64 = Release|x64
		Release|x86 = Release|x86
	EndGlobalSection
	GlobalSection(ProjectConfigurationPlatforms) = postSolution
		{016D262B-FB4F-4530-A7BA-C531E60AB9BF}.Debug|x64.ActiveCfg = Debug|x64
		{016D262B-FB4F-4530-A7BA-C531E60AB9BF}.Debug|x64.Build.0 = Debug|x64
		{016D262B-FB4F-4530-A7BA-C531E60AB9BF}.Debug|x86.ActiveCfg = Debug|Win32
		{016D262B-FB4F-4530-A7BA-C531E60AB9BF}.Debug|x86.Build.0 = Debug|Win32
		{016D262B-FB4F-4530-A7BA-C531E60AB9BF}.Release|x64.ActiveCfg = Release|x64
		{016D262B-FB4F-4530-A7BA-C531E60AB9BF}.Release|x64.Build.0 = Release|x64
		{016D262B-FB4F-4530-A7BA-C531E60AB9BF}.Release|x86.ActiveCfg = Release|Win32
		{016D262B-FB4F-4530-A7BA-C531E60AB9BF}.Release|x86.Build.0 = Release|Win32
	EndGlobalSection
	GlobalSection(SolutionProperties) = preSolution
		HideSolutionNode = FALSE
	EndGlobalSection
	GlobalSection(ExtensibilityGlobals) = postSolution
		SolutionGuid = {6D7A4295-2EA0-4A94-84E6-9EAD9B2D99D9}
	EndGlobalSection
EndGlobal
